// !$*UTF8*$!
{
	archiveVersion = 1;
	classes = {
	};
	objectVersion = 56;
	objects = {

/* Begin PBXBuildFile section */
		4E45077A7530EFC1A4071FE1 /* Pods_GoogleAdMob.framework in Frameworks */ = {isa = PBXBuildFile; fileRef = CAECF10903688851F3D72E78 /* Pods_GoogleAdMob.framework */; };
		F34169D42AA5782C004D74EF /* AppDelegate.swift in Sources */ = {isa = PBXBuildFile; fileRef = F34169D32AA5782C004D74EF /* AppDelegate.swift */; };
		F34169D62AA5782C004D74EF /* SceneDelegate.swift in Sources */ = {isa = PBXBuildFile; fileRef = F34169D52AA5782C004D74EF /* SceneDelegate.swift */; };
		F34169D82AA5782C004D74EF /* ViewController.swift in Sources */ = {isa = PBXBuildFile; fileRef = F34169D72AA5782C004D74EF /* ViewController.swift */; };
		F34169DB2AA5782C004D74EF /* Main.storyboard in Resources */ = {isa = PBXBuildFile; fileRef = F34169D92AA5782C004D74EF /* Main.storyboard */; };
		F34169DD2AA5782D004D74EF /* Assets.xcassets in Resources */ = {isa = PBXBuildFile; fileRef = F34169DC2AA5782D004D74EF /* Assets.xcassets */; };
		F34169E02AA5782D004D74EF /* LaunchScreen.storyboard in Resources */ = {isa = PBXBuildFile; fileRef = F34169DE2AA5782D004D74EF /* LaunchScreen.storyboard */; };
/* End PBXBuildFile section */

/* Begin PBXFileReference section */
		90347AACAEA61BFF11C4AE98 /* Pods-GoogleAdMob.release.xcconfig */ = {isa = PBXFileReference; includeInIndex = 1; lastKnownFileType = text.xcconfig; name = "Pods-GoogleAdMob.release.xcconfig"; path = "Target Support Files/Pods-GoogleAdMob/Pods-GoogleAdMob.release.xcconfig"; sourceTree = "<group>"; };
		9F852705E4EC94B8E0913578 /* Pods-GoogleAdMob.debug.xcconfig */ = {isa = PBXFileReference; includeInIndex = 1; lastKnownFileType = text.xcconfig; name = "Pods-GoogleAdMob.debug.xcconfig"; path = "Target Support Files/Pods-GoogleAdMob/Pods-GoogleAdMob.debug.xcconfig"; sourceTree = "<group>"; };
		CAECF10903688851F3D72E78 /* Pods_GoogleAdMob.framework */ = {isa = PBXFileReference; explicitFileType = wrapper.framework; includeInIndex = 0; path = Pods_GoogleAdMob.framework; sourceTree = BUILT_PRODUCTS_DIR; };
		F34169D02AA5782C004D74EF /* GoogleAdMob.app */ = {isa = PBXFileReference; explicitFileType = wrapper.application; includeInIndex = 0; path = GoogleAdMob.app; sourceTree = BUILT_PRODUCTS_DIR; };
		F34169D32AA5782C004D74EF /* AppDelegate.swift */ = {isa = PBXFileReference; lastKnownFileType = sourcecode.swift; path = AppDelegate.swift; sourceTree = "<group>"; };
		F34169D52AA5782C004D74EF /* SceneDelegate.swift */ = {isa = PBXFileReference; lastKnownFileType = sourcecode.swift; path = SceneDelegate.swift; sourceTree = "<group>"; };
		F34169D72AA5782C004D74EF /* ViewController.swift */ = {isa = PBXFileReference; lastKnownFileType = sourcecode.swift; path = ViewController.swift; sourceTree = "<group>"; };
		F34169DA2AA5782C004D74EF /* Base */ = {isa = PBXFileReference; lastKnownFileType = file.storyboard; name = Base; path = Base.lproj/Main.storyboard; sourceTree = "<group>"; };
		F34169DC2AA5782D004D74EF /* Assets.xcassets */ = {isa = PBXFileReference; lastKnownFileType = folder.assetcatalog; path = Assets.xcassets; sourceTree = "<group>"; };
		F34169DF2AA5782D004D74EF /* Base */ = {isa = PBXFileReference; lastKnownFileType = file.storyboard; name = Base; path = Base.lproj/LaunchScreen.storyboard; sourceTree = "<group>"; };
		F34169E12AA5782D004D74EF /* Info.plist */ = {isa = PBXFileReference; lastKnownFileType = text.plist.xml; path = Info.plist; sourceTree = "<group>"; };
/* End PBXFileReference section */

/* Begin PBXFrameworksBuildPhase section */
		F34169CD2AA5782C004D74EF /* Frameworks */ = {
			isa = PBXFrameworksBuildPhase;
			buildActionMask = 2147483647;
			files = (
				4E45077A7530EFC1A4071FE1 /* Pods_GoogleAdMob.framework in Frameworks */,
			);
			runOnlyForDeploymentPostprocessing = 0;
		};
/* End PBXFrameworksBuildPhase section */

/* Begin PBXGroup section */
		45AB6D0AF27BF3C37AE62162 /* Pods */ = {
			isa = PBXGroup;
			children = (
				9F852705E4EC94B8E0913578 /* Pods-GoogleAdMob.debug.xcconfig */,
				90347AACAEA61BFF11C4AE98 /* Pods-GoogleAdMob.release.xcconfig */,
			);
			path = Pods;
			sourceTree = "<group>";
		};
		AB90BC9F19FC2E346C208C33 /* Frameworks */ = {
			isa = PBXGroup;
			children = (
				CAECF10903688851F3D72E78 /* Pods_GoogleAdMob.framework */,
			);
			name = Frameworks;
			sourceTree = "<group>";
		};
		F34169C72AA5782C004D74EF = {
			isa = PBXGroup;
			children = (
				F34169D22AA5782C004D74EF /* GoogleAdMob */,
				F34169D12AA5782C004D74EF /* Products */,
				45AB6D0AF27BF3C37AE62162 /* Pods */,
				AB90BC9F19FC2E346C208C33 /* Frameworks */,
			);
			sourceTree = "<group>";
		};
		F34169D12AA5782C004D74EF /* Products */ = {
			isa = PBXGroup;
			children = (
				F34169D02AA5782C004D74EF /* GoogleAdMob.app */,
			);
			name = Products;
			sourceTree = "<group>";
		};
		F34169D22AA5782C004D74EF /* GoogleAdMob */ = {
			isa = PBXGroup;
			children = (
				F34169D32AA5782C004D74EF /* AppDelegate.swift */,
				F34169D52AA5782C004D74EF /* SceneDelegate.swift */,
				F34169D72AA5782C004D74EF /* ViewController.swift */,
				F34169D92AA5782C004D74EF /* Main.storyboard */,
				F34169DC2AA5782D004D74EF /* Assets.xcassets */,
				F34169DE2AA5782D004D74EF /* LaunchScreen.storyboard */,
				F34169E12AA5782D004D74EF /* Info.plist */,
			);
			path = GoogleAdMob;
			sourceTree = "<group>";
		};
/* End PBXGroup section */

/* Begin PBXNativeTarget section */
		F34169CF2AA5782C004D74EF /* GoogleAdMob */ = {
			isa = PBXNativeTarget;
			buildConfigurationList = F34169E42AA5782D004D74EF /* Build configuration list for PBXNativeTarget "GoogleAdMob" */;
			buildPhases = (
				9569FF0F920DC0C9EB119E2D /* [CP] Check Pods Manifest.lock */,
				F34169CC2AA5782C004D74EF /* Sources */,
				F34169CD2AA5782C004D74EF /* Frameworks */,
				F34169CE2AA5782C004D74EF /* Resources */,
				B2CCF7ABF4F800A32ADCD074 /* [CP] Embed Pods Frameworks */,
			);
			buildRules = (
			);
			dependencies = (
			);
			name = GoogleAdMob;
			productName = GoogleAdMob;
			productReference = F34169D02AA5782C004D74EF /* GoogleAdMob.app */;
			productType = "com.apple.product-type.application";
		};
/* End PBXNativeTarget section */

/* Begin PBXProject section */
		F34169C82AA5782C004D74EF /* Project object */ = {
			isa = PBXProject;
			attributes = {
				BuildIndependentTargetsInParallel = 1;
				LastSwiftUpdateCheck = 1430;
				LastUpgradeCheck = 1430;
				TargetAttributes = {
					F34169CF2AA5782C004D74EF = {
						CreatedOnToolsVersion = 14.3.1;
					};
				};
			};
			buildConfigurationList = F34169CB2AA5782C004D74EF /* Build configuration list for PBXProject "GoogleAdMob" */;
			compatibilityVersion = "Xcode 14.0";
			developmentRegion = en;
			hasScannedForEncodings = 0;
			knownRegions = (
				en,
				Base,
			);
			mainGroup = F34169C72AA5782C004D74EF;
			productRefGroup = F34169D12AA5782C004D74EF /* Products */;
			projectDirPath = "";
			projectRoot = "";
			targets = (
				F34169CF2AA5782C004D74EF /* GoogleAdMob */,
			);
		};
/* End PBXProject section */

/* Begin PBXResourcesBuildPhase section */
		F34169CE2AA5782C004D74EF /* Resources */ = {
			isa = PBXResourcesBuildPhase;
			buildActionMask = 2147483647;
			files = (
				F34169E02AA5782D004D74EF /* LaunchScreen.storyboard in Resources */,
				F34169DD2AA5782D004D74EF /* Assets.xcassets in Resources */,
				F34169DB2AA5782C004D74EF /* Main.storyboard in Resources */,
			);
			runOnlyForDeploymentPostprocessing = 0;
		};
/* End PBXResourcesBuildPhase section */

/* Begin PBXShellScriptBuildPhase section */
		9569FF0F920DC0C9EB119E2D /* [CP] Check Pods Manifest.lock */ = {
			isa = PBXShellScriptBuildPhase;
			buildActionMask = 2147483647;
			files = (
			);
			inputFileListPaths = (
			);
			inputPaths = (
				"${PODS_PODFILE_DIR_PATH}/Podfile.lock",
				"${PODS_ROOT}/Manifest.lock",
			);
			name = "[CP] Check Pods Manifest.lock";
			outputFileListPaths = (
			);
			outputPaths = (
				"$(DERIVED_FILE_DIR)/Pods-GoogleAdMob-checkManifestLockResult.txt",
			);
			runOnlyForDeploymentPostprocessing = 0;
			shellPath = /bin/sh;
			shellScript = "diff \"${PODS_PODFILE_DIR_PATH}/Podfile.lock\" \"${PODS_ROOT}/Manifest.lock\" > /dev/null\nif [ $? != 0 ] ; then\n    # print error to STDERR\n    echo \"error: The sandbox is not in sync with the Podfile.lock. Run 'pod install' or update your CocoaPods installation.\" >&2\n    exit 1\nfi\n# This output is used by Xcode 'outputs' to avoid re-running this script phase.\necho \"SUCCESS\" > \"${SCRIPT_OUTPUT_FILE_0}\"\n";
			showEnvVarsInLog = 0;
		};
		B2CCF7ABF4F800A32ADCD074 /* [CP] Embed Pods Frameworks */ = {
			isa = PBXShellScriptBuildPhase;
			buildActionMask = 2147483647;
			files = (
			);
			inputFileListPaths = (
				"${PODS_ROOT}/Target Support Files/Pods-GoogleAdMob/Pods-GoogleAdMob-frameworks-${CONFIGURATION}-input-files.xcfilelist",
			);
			name = "[CP] Embed Pods Frameworks";
			outputFileListPaths = (
				"${PODS_ROOT}/Target Support Files/Pods-GoogleAdMob/Pods-GoogleAdMob-frameworks-${CONFIGURATION}-output-files.xcfilelist",
			);
			runOnlyForDeploymentPostprocessing = 0;
			shellPath = /bin/sh;
			shellScript = "\"${PODS_ROOT}/Target Support Files/Pods-GoogleAdMob/Pods-GoogleAdMob-frameworks.sh\"\n";
			showEnvVarsInLog = 0;
		};
/* End PBXShellScriptBuildPhase section */

/* Begin PBXSourcesBuildPhase section */
		F34169CC2AA5782C004D74EF /* Sources */ = {
			isa = PBXSourcesBuildPhase;
			buildActionMask = 2147483647;
			files = (
				F34169D82AA5782C004D74EF /* ViewController.swift in Sources */,
				F34169D42AA5782C004D74EF /* AppDelegate.swift in Sources */,
				F34169D62AA5782C004D74EF /* SceneDelegate.swift in Sources */,
			);
			runOnlyForDeploymentPostprocessing = 0;
		};
/* End PBXSourcesBuildPhase section */

/* Begin PBXVariantGroup section */
		F34169D92AA5782C004D74EF /* Main.storyboard */ = {
			isa = PBXVariantGroup;
			children = (
				F34169DA2AA5782C004D74EF /* Base */,
			);
			name = Main.storyboard;
			sourceTree = "<group>";
		};
		F34169DE2AA5782D004D74EF /* LaunchScreen.storyboard */ = {
			isa = PBXVariantGroup;
			children = (
				F34169DF2AA5782D004D74EF /* Base */,
			);
			name = LaunchScreen.storyboard;
			sourceTree = "<group>";
		};
/* End PBXVariantGroup section */

/* Begin XCBuildConfiguration section */
		F34169E22AA5782D004D74EF /* Debug */ = {
			isa = XCBuildConfiguration;
			buildSettings = {
				ALWAYS_SEARCH_USER_PATHS = NO;
				CLANG_ANALYZER_NONNULL = YES;
				CLANG_ANALYZER_NUMBER_OBJECT_CONVERSION = YES_AGGRESSIVE;
				CLANG_CXX_LANGUAGE_STANDARD = "gnu++20";
				CLANG_ENABLE_MODULES = YES;
				CLANG_ENABLE_OBJC_ARC = YES;
				CLANG_ENABLE_OBJC_WEAK = YES;
				CLANG_WARN_BLOCK_CAPTURE_AUTORELEASING = YES;
				CLANG_WARN_BOOL_CONVERSION = YES;
				CLANG_WARN_COMMA = YES;
				CLANG_WARN_CONSTANT_CONVERSION = YES;
				CLANG_WARN_DEPRECATED_OBJC_IMPLEMENTATIONS = YES;
				CLANG_WARN_DIRECT_OBJC_ISA_USAGE = YES_ERROR;
				CLANG_WARN_DOCUMENTATION_COMMENTS = YES;
				CLANG_WARN_EMPTY_BODY = YES;
				CLANG_WARN_ENUM_CONVERSION = YES;
				CLANG_WARN_INFINITE_RECURSION = YES;
				CLANG_WARN_INT_CONVERSION = YES;
				CLANG_WARN_NON_LITERAL_NULL_CONVERSION = YES;
				CLANG_WARN_OBJC_IMPLICIT_RETAIN_SELF = YES;
				CLANG_WARN_OBJC_LITERAL_CONVERSION = YES;
				CLANG_WARN_OBJC_ROOT_CLASS = YES_ERROR;
				CLANG_WARN_QUOTED_INCLUDE_IN_FRAMEWORK_HEADER = YES;
				CLANG_WARN_RANGE_LOOP_ANALYSIS = YES;
				CLANG_WARN_STRICT_PROTOTYPES = YES;
				CLANG_WARN_SUSPICIOUS_MOVE = YES;
				CLANG_WARN_UNGUARDED_AVAILABILITY = YES_AGGRESSIVE;
				CLANG_WARN_UNREACHABLE_CODE = YES;
				CLANG_WARN__DUPLICATE_METHOD_MATCH = YES;
				COPY_PHASE_STRIP = NO;
				DEBUG_INFORMATION_FORMAT = dwarf;
				ENABLE_STRICT_OBJC_MSGSEND = YES;
				ENABLE_TESTABILITY = YES;
				GCC_C_LANGUAGE_STANDARD = gnu11;
				GCC_DYNAMIC_NO_PIC = NO;
				GCC_NO_COMMON_BLOCKS = YES;
				GCC_OPTIMIZATION_LEVEL = 0;
				GCC_PREPROCESSOR_DEFINITIONS = (
					"DEBUG=1",
					"$(inherited)",
				);
				GCC_WARN_64_TO_32_BIT_CONVERSION = YES;
				GCC_WARN_ABOUT_RETURN_TYPE = YES_ERROR;
				GCC_WARN_UNDECLARED_SELECTOR = YES;
				GCC_WARN_UNINITIALIZED_AUTOS = YES_AGGRESSIVE;
				GCC_WARN_UNUSED_FUNCTION = YES;
				GCC_WARN_UNUSED_VARIABLE = YES;
				IPHONEOS_DEPLOYMENT_TARGET = 16.4;
				MTL_ENABLE_DEBUG_INFO = INCLUDE_SOURCE;
				MTL_FAST_MATH = YES;
				ONLY_ACTIVE_ARCH = YES;
				SDKROOT = iphoneos;
				SWIFT_ACTIVE_COMPILATION_CONDITIONS = DEBUG;
				SWIFT_OPTIMIZATION_LEVEL = "-Onone";
			};
			name = Debug;
		};
		F34169E32AA5782D004D74EF /* Release */ = {
			isa = XCBuildConfiguration;
			buildSettings = {
				ALWAYS_SEARCH_USER_PATHS = NO;
				CLANG_ANALYZER_NONNULL = YES;
				CLANG_ANALYZER_NUMBER_OBJECT_CONVERSION = YES_AGGRESSIVE;
				CLANG_CXX_LANGUAGE_STANDARD = "gnu++20";
				CLANG_ENABLE_MODULES = YES;
				CLANG_ENABLE_OBJC_ARC = YES;
				CLANG_ENABLE_OBJC_WEAK = YES;
				CLANG_WARN_BLOCK_CAPTURE_AUTORELEASING = YES;
				CLANG_WARN_BOOL_CONVERSION = YES;
				CLANG_WARN_COMMA = YES;
				CLANG_WARN_CONSTANT_CONVERSION = YES;
				CLANG_WARN_DEPRECATED_OBJC_IMPLEMENTATIONS = YES;
				CLANG_WARN_DIRECT_OBJC_ISA_USAGE = YES_ERROR;
				CLANG_WARN_DOCUMENTATION_COMMENTS = YES;
				CLANG_WARN_EMPTY_BODY = YES;
				CLANG_WARN_ENUM_CONVERSION = YES;
				CLANG_WARN_INFINITE_RECURSION = YES;
				CLANG_WARN_INT_CONVERSION = YES;
				CLANG_WARN_NON_LITERAL_NULL_CONVERSION = YES;
				CLANG_WARN_OBJC_IMPLICIT_RETAIN_SELF = YES;
				CLANG_WARN_OBJC_LITERAL_CONVERSION = YES;
				CLANG_WARN_OBJC_ROOT_CLASS = YES_ERROR;
				CLANG_WARN_QUOTED_INCLUDE_IN_FRAMEWORK_HEADER = YES;
				CLANG_WARN_RANGE_LOOP_ANALYSIS = YES;
				CLANG_WARN_STRICT_PROTOTYPES = YES;
				CLANG_WARN_SUSPICIOUS_MOVE = YES;
				CLANG_WARN_UNGUARDED_AVAILABILITY = YES_AGGRESSIVE;
				CLANG_WARN_UNREACHABLE_CODE = YES;
				CLANG_WARN__DUPLICATE_METHOD_MATCH = YES;
				COPY_PHASE_STRIP = NO;
				DEBUG_INFORMATION_FORMAT = "dwarf-with-dsym";
				ENABLE_NS_ASSERTIONS = NO;
				ENABLE_STRICT_OBJC_MSGSEND = YES;
				GCC_C_LANGUAGE_STANDARD = gnu11;
				GCC_NO_COMMON_BLOCKS = YES;
				GCC_WARN_64_TO_32_BIT_CONVERSION = YES;
				GCC_WARN_ABOUT_RETURN_TYPE = YES_ERROR;
				GCC_WARN_UNDECLARED_SELECTOR = YES;
				GCC_WARN_UNINITIALIZED_AUTOS = YES_AGGRESSIVE;
				GCC_WARN_UNUSED_FUNCTION = YES;
				GCC_WARN_UNUSED_VARIABLE = YES;
				IPHONEOS_DEPLOYMENT_TARGET = 16.4;
				MTL_ENABLE_DEBUG_INFO = NO;
				MTL_FAST_MATH = YES;
				SDKROOT = iphoneos;
				SWIFT_COMPILATION_MODE = wholemodule;
				SWIFT_OPTIMIZATION_LEVEL = "-O";
				VALIDATE_PRODUCT = YES;
			};
			name = Release;
		};
		F34169E52AA5782D004D74EF /* Debug */ = {
			isa = XCBuildConfiguration;
			baseConfigurationReference = 9F852705E4EC94B8E0913578 /* Pods-GoogleAdMob.debug.xcconfig */;
			buildSettings = {
				ASSETCATALOG_COMPILER_APPICON_NAME = AppIcon;
				ASSETCATALOG_COMPILER_GLOBAL_ACCENT_COLOR_NAME = AccentColor;
				CODE_SIGN_STYLE = Automatic;
				CURRENT_PROJECT_VERSION = 1;
				DEVELOPMENT_TEAM = WT2DZRQ5QP;
				GENERATE_INFOPLIST_FILE = YES;
				INFOPLIST_FILE = GoogleAdMob/Info.plist;
				INFOPLIST_KEY_UIApplicationSupportsIndirectInputEvents = YES;
				INFOPLIST_KEY_UILaunchStoryboardName = LaunchScreen;
				INFOPLIST_KEY_UIMainStoryboardFile = Main;
				INFOPLIST_KEY_UISupportedInterfaceOrientations_iPad = "UIInterfaceOrientationPortrait UIInterfaceOrientationPortraitUpsideDown UIInterfaceOrientationLandscapeLeft UIInterfaceOrientationLandscapeRight";
				INFOPLIST_KEY_UISupportedInterfaceOrientations_iPhone = "UIInterfaceOrientationPortrait UIInterfaceOrientationLandscapeLeft UIInterfaceOrientationLandscapeRight";
				LD_RUNPATH_SEARCH_PATHS = (
					"$(inherited)",
					"@executable_path/Frameworks",
				);
				MARKETING_VERSION = 1.0;
				PRODUCT_BUNDLE_IDENTIFIER = com.gali.GoogleAdMob;
				PRODUCT_NAME = "$(TARGET_NAME)";
				SWIFT_EMIT_LOC_STRINGS = YES;
				SWIFT_VERSION = 5.0;
				TARGETED_DEVICE_FAMILY = "1,2";
			};
			name = Debug;
		};
		F34169E62AA5782D004D74EF /* Release */ = {
			isa = XCBuildConfiguration;
			baseConfigurationReference = 90347AACAEA61BFF11C4AE98 /* Pods-GoogleAdMob.release.xcconfig */;
			buildSettings = {
				ASSETCATALOG_COMPILER_APPICON_NAME = AppIcon;
				ASSETCATALOG_COMPILER_GLOBAL_ACCENT_COLOR_NAME = AccentColor;
				CODE_SIGN_STYLE = Automatic;
				CURRENT_PROJECT_VERSION = 1;
				DEVELOPMENT_TEAM = WT2DZRQ5QP;
				GENERATE_INFOPLIST_FILE = YES;
				INFOPLIST_FILE = GoogleAdMob/Info.plist;
				INFOPLIST_KEY_UIApplicationSupportsIndirectInputEvents = YES;
				INFOPLIST_KEY_UILaunchStoryboardName = LaunchScreen;
				INFOPLIST_KEY_UIMainStoryboardFile = Main;
				INFOPLIST_KEY_UISupportedInterfaceOrientations_iPad = "UIInterfaceOrientationPortrait UIInterfaceOrientationPortraitUpsideDown UIInterfaceOrientationLandscapeLeft UIInterfaceOrientationLandscapeRight";
				INFOPLIST_KEY_UISupportedInterfaceOrientations_iPhone = "UIInterfaceOrientationPortrait UIInterfaceOrientationLandscapeLeft UIInterfaceOrientationLandscapeRight";
				LD_RUNPATH_SEARCH_PATHS = (
					"$(inherited)",
					"@executable_path/Frameworks",
				);
				MARKETING_VERSION = 1.0;
				PRODUCT_BUNDLE_IDENTIFIER = com.gali.GoogleAdMob;
				PRODUCT_NAME = "$(TARGET_NAME)";
				SWIFT_EMIT_LOC_STRINGS = YES;
				SWIFT_VERSION = 5.0;
				TARGETED_DEVICE_FAMILY = "1,2";
			};
			name = Release;
		};
/* End XCBuildConfiguration section */

/* Begin XCConfigurationList section */
		F34169CB2AA5782C004D74EF /* Build configuration list for PBXProject "GoogleAdMob" */ = {
			isa = XCConfigurationList;
			buildConfigurations = (
				F34169E22AA5782D004D74EF /* Debug */,
				F34169E32AA5782D004D74EF /* Release */,
			);
			defaultConfigurationIsVisible = 0;
			defaultConfigurationName = Release;
		};
		F34169E42AA5782D004D74EF /* Build configuration list for PBXNativeTarget "GoogleAdMob" */ = {
			isa = XCConfigurationList;
			buildConfigurations = (
				F34169E52AA5782D004D74EF /* Debug */,
				F34169E62AA5782D004D74EF /* Release */,
			);
			defaultConfigurationIsVisible = 0;
			defaultConfigurationName = Release;
		};
/* End XCConfigurationList section */
	};
	rootObject = F34169C82AA5782C004D74EF /* Project object */;
}
